
Microsoft Visual Studio Solution File, Format Version 12.00
# Visual Studio Version 16
VisualStudioVersion = 16.0.29102.190
MinimumVisualStudioVersion = 10.0.40219.1
Project("{8BC9CEB8-8B4A-11D0-8D11-00A0C91BC942}") = "hw08", "hw08\hw08.vcxproj", "{ECDE21EC-7AB2-4EA3-8BA6-9AB6F81A75E3}"
EndProject
Global
	GlobalSection(SolutionConfigurationPlatforms) = preSolution
		Debug|x64 = Debug|x64
		Debug|x86 = Debug|x86
		Release|x64 = Release|x64
		Release|x86 = Release|x86
	EndGlobalSection
	GlobalSection(ProjectConfigurationPlatforms) = postSolution
		{ECDE21EC-7AB2-4EA3-8BA6-9AB6F81A75E3}.Debug|x64.ActiveCfg = Debug|x64
		{ECDE21EC-7AB2-4EA3-8BA6-9AB6F81A75E3}.Debug|x64.Build.0 = Debug|x64
		{ECDE21EC-7AB2-4EA3-8BA6-9AB6F81A75E3}.Debug|x86.ActiveCfg = Debug|Win32
		{ECDE21EC-7AB2-4EA3-8BA6-9AB6F81A75E3}.Debug|x86.Build.0 = Debug|Win32
		{ECDE21EC-7AB2-4EA3-8BA6-9AB6F81A75E3}.Release|x64.ActiveCfg = Release|x64
		{ECDE21EC-7AB2-4EA3-8BA6-9AB6F81A75E3}.Release|x64.Build.0 = Release|x64
		{ECDE21EC-7AB2-4EA3-8BA6-9AB6F81A75E3}.Release|x86.ActiveCfg = Release|Win32
		{ECDE21EC-7AB2-4EA3-8BA6-9AB6F81A75E3}.Release|x86.Build.0 = Release|Win32
	EndGlobalSection
	GlobalSection(SolutionProperties) = preSolution
		HideSolutionNode = FALSE
	EndGlobalSection
	GlobalSection(ExtensibilityGlobals) = postSolution
		SolutionGuid = {D87CBC9B-282E-4726-90D0-D06CC3EA875F}
	EndGlobalSection
EndGlobal
